
Microsoft Visual Studio Solution File, Format Version 12.00
# Visual Studio Version 16
VisualStudioVersion = 16.0.30104.148
MinimumVisualStudioVersion = 10.0.40219.1
Project("{FAE04EC0-301F-11D3-BF4B-00C04F79EFBC}") = "T40-Kuviot", "T40-Kuviot.csproj", "{685FDC68-03BD-4DE6-A415-90BDD5AF4A4D}"
EndProject
Global
	GlobalSection(SolutionConfigurationPlatforms) = preSolution
		Debug|Any CPU = Debug|Any CPU
		Release|Any CPU = Release|Any CPU
	EndGlobalSection
	GlobalSection(ProjectConfigurationPlatforms) = postSolution
		{685FDC68-03BD-4DE6-A415-90BDD5AF4A4D}.Debug|Any CPU.ActiveCfg = Debug|Any CPU
		{685FDC68-03BD-4DE6-A415-90BDD5AF4A4D}.Debug|Any CPU.Build.0 = Debug|Any CPU
		{685FDC68-03BD-4DE6-A415-90BDD5AF4A4D}.Release|Any CPU.ActiveCfg = Release|Any CPU
		{685FDC68-03BD-4DE6-A415-90BDD5AF4A4D}.Release|Any CPU.Build.0 = Release|Any CPU
	EndGlobalSection
	GlobalSection(SolutionProperties) = preSolution
		HideSolutionNode = FALSE
	EndGlobalSection
	GlobalSection(ExtensibilityGlobals) = postSolution
		SolutionGuid = {D58D6F99-7DEA-4F2E-8CB9-A7198F2278F7}
	EndGlobalSection
EndGlobal
