
Microsoft Visual Studio Solution File, Format Version 12.00
# Visual Studio Version 16
VisualStudioVersion = 16.0.30104.148
MinimumVisualStudioVersion = 10.0.40219.1
Project("{FAE04EC0-301F-11D3-BF4B-00C04F79EFBC}") = "T37-Ostokset", "T37-Ostokset.csproj", "{BB61E7A9-D5E8-4A20-A72A-08260806144A}"
EndProject
Global
	GlobalSection(SolutionConfigurationPlatforms) = preSolution
		Debug|Any CPU = Debug|Any CPU
		Release|Any CPU = Release|Any CPU
	EndGlobalSection
	GlobalSection(ProjectConfigurationPlatforms) = postSolution
		{BB61E7A9-D5E8-4A20-A72A-08260806144A}.Debug|Any CPU.ActiveCfg = Debug|Any CPU
		{BB61E7A9-D5E8-4A20-A72A-08260806144A}.Debug|Any CPU.Build.0 = Debug|Any CPU
		{BB61E7A9-D5E8-4A20-A72A-08260806144A}.Release|Any CPU.ActiveCfg = Release|Any CPU
		{BB61E7A9-D5E8-4A20-A72A-08260806144A}.Release|Any CPU.Build.0 = Release|Any CPU
	EndGlobalSection
	GlobalSection(SolutionProperties) = preSolution
		HideSolutionNode = FALSE
	EndGlobalSection
	GlobalSection(ExtensibilityGlobals) = postSolution
		SolutionGuid = {4338DF0A-0971-4439-B032-BE8F4F4F940A}
	EndGlobalSection
EndGlobal
