
Microsoft Visual Studio Solution File, Format Version 12.00
# Visual Studio Version 16
VisualStudioVersion = 16.0.30104.148
MinimumVisualStudioVersion = 10.0.40219.1
Project("{FAE04EC0-301F-11D3-BF4B-00C04F79EFBC}") = "T24-Kortit", "T24-Kortit.csproj", "{91BA6B4C-3EF8-49AA-AB4D-904AFAB608FB}"
EndProject
Global
	GlobalSection(SolutionConfigurationPlatforms) = preSolution
		Debug|Any CPU = Debug|Any CPU
		Release|Any CPU = Release|Any CPU
	EndGlobalSection
	GlobalSection(ProjectConfigurationPlatforms) = postSolution
		{91BA6B4C-3EF8-49AA-AB4D-904AFAB608FB}.Debug|Any CPU.ActiveCfg = Debug|Any CPU
		{91BA6B4C-3EF8-49AA-AB4D-904AFAB608FB}.Debug|Any CPU.Build.0 = Debug|Any CPU
		{91BA6B4C-3EF8-49AA-AB4D-904AFAB608FB}.Release|Any CPU.ActiveCfg = Release|Any CPU
		{91BA6B4C-3EF8-49AA-AB4D-904AFAB608FB}.Release|Any CPU.Build.0 = Release|Any CPU
	EndGlobalSection
	GlobalSection(SolutionProperties) = preSolution
		HideSolutionNode = FALSE
	EndGlobalSection
	GlobalSection(ExtensibilityGlobals) = postSolution
		SolutionGuid = {BF54A6AA-5C4A-4985-BA15-676F5807F79C}
	EndGlobalSection
EndGlobal
