
Microsoft Visual Studio Solution File, Format Version 12.00
# Visual Studio Version 16
VisualStudioVersion = 16.0.30104.148
MinimumVisualStudioVersion = 10.0.40219.1
Project("{FAE04EC0-301F-11D3-BF4B-00C04F79EFBC}") = "T25-Jono", "T25-Jono.csproj", "{485CFA97-EC5F-4F5D-97FD-8081BEA6FE5D}"
EndProject
Global
	GlobalSection(SolutionConfigurationPlatforms) = preSolution
		Debug|Any CPU = Debug|Any CPU
		Release|Any CPU = Release|Any CPU
	EndGlobalSection
	GlobalSection(ProjectConfigurationPlatforms) = postSolution
		{485CFA97-EC5F-4F5D-97FD-8081BEA6FE5D}.Debug|Any CPU.ActiveCfg = Debug|Any CPU
		{485CFA97-EC5F-4F5D-97FD-8081BEA6FE5D}.Debug|Any CPU.Build.0 = Debug|Any CPU
		{485CFA97-EC5F-4F5D-97FD-8081BEA6FE5D}.Release|Any CPU.ActiveCfg = Release|Any CPU
		{485CFA97-EC5F-4F5D-97FD-8081BEA6FE5D}.Release|Any CPU.Build.0 = Release|Any CPU
	EndGlobalSection
	GlobalSection(SolutionProperties) = preSolution
		HideSolutionNode = FALSE
	EndGlobalSection
	GlobalSection(ExtensibilityGlobals) = postSolution
		SolutionGuid = {9864B175-9026-4FC1-B587-DBF12C5D0CB5}
	EndGlobalSection
EndGlobal
