
Microsoft Visual Studio Solution File, Format Version 12.00
# Visual Studio Version 16
VisualStudioVersion = 16.0.30104.148
MinimumVisualStudioVersion = 10.0.40219.1
Project("{FAE04EC0-301F-11D3-BF4B-00C04F79EFBC}") = "T8-Televisio", "T8-Televisio.csproj", "{8E094567-E3A2-4148-BE3F-94B5727300B3}"
EndProject
Global
	GlobalSection(SolutionConfigurationPlatforms) = preSolution
		Debug|Any CPU = Debug|Any CPU
		Release|Any CPU = Release|Any CPU
	EndGlobalSection
	GlobalSection(ProjectConfigurationPlatforms) = postSolution
		{8E094567-E3A2-4148-BE3F-94B5727300B3}.Debug|Any CPU.ActiveCfg = Debug|Any CPU
		{8E094567-E3A2-4148-BE3F-94B5727300B3}.Debug|Any CPU.Build.0 = Debug|Any CPU
		{8E094567-E3A2-4148-BE3F-94B5727300B3}.Release|Any CPU.ActiveCfg = Release|Any CPU
		{8E094567-E3A2-4148-BE3F-94B5727300B3}.Release|Any CPU.Build.0 = Release|Any CPU
	EndGlobalSection
	GlobalSection(SolutionProperties) = preSolution
		HideSolutionNode = FALSE
	EndGlobalSection
	GlobalSection(ExtensibilityGlobals) = postSolution
		SolutionGuid = {3BC238DA-4BC3-4096-93D5-6A07293A117D}
	EndGlobalSection
EndGlobal
