
Microsoft Visual Studio Solution File, Format Version 12.00
# Visual Studio Version 16
VisualStudioVersion = 16.0.30104.148
MinimumVisualStudioVersion = 10.0.40219.1
Project("{FAE04EC0-301F-11D3-BF4B-00C04F79EFBC}") = "T17-Radio", "T17-Radio.csproj", "{52B49818-5EC9-4E5F-B111-68C28FF2C017}"
EndProject
Global
	GlobalSection(SolutionConfigurationPlatforms) = preSolution
		Debug|Any CPU = Debug|Any CPU
		Release|Any CPU = Release|Any CPU
	EndGlobalSection
	GlobalSection(ProjectConfigurationPlatforms) = postSolution
		{52B49818-5EC9-4E5F-B111-68C28FF2C017}.Debug|Any CPU.ActiveCfg = Debug|Any CPU
		{52B49818-5EC9-4E5F-B111-68C28FF2C017}.Debug|Any CPU.Build.0 = Debug|Any CPU
		{52B49818-5EC9-4E5F-B111-68C28FF2C017}.Release|Any CPU.ActiveCfg = Release|Any CPU
		{52B49818-5EC9-4E5F-B111-68C28FF2C017}.Release|Any CPU.Build.0 = Release|Any CPU
	EndGlobalSection
	GlobalSection(SolutionProperties) = preSolution
		HideSolutionNode = FALSE
	EndGlobalSection
	GlobalSection(ExtensibilityGlobals) = postSolution
		SolutionGuid = {12468478-939B-42AB-B02C-2B2EC0500E3A}
	EndGlobalSection
EndGlobal
